
Microsoft Visual Studio Solution File, Format Version 12.00
# Visual Studio Version 17
VisualStudioVersion = 17.1.32407.343
MinimumVisualStudioVersion = 10.0.40219.1
Project("{FAE04EC0-301F-11D3-BF4B-00C04F79EFBC}") = "WebApplication2", "WebApplication2\WebApplication2.csproj", "{134CAA19-BD0E-4D25-8AD8-1B0E3CB927B4}"
EndProject
Global
	GlobalSection(SolutionConfigurationPlatforms) = preSolution
		Debug|Any CPU = Debug|Any CPU
		Release|Any CPU = Release|Any CPU
	EndGlobalSection
	GlobalSection(ProjectConfigurationPlatforms) = postSolution
		{134CAA19-BD0E-4D25-8AD8-1B0E3CB927B4}.Debug|Any CPU.ActiveCfg = Debug|Any CPU
		{134CAA19-BD0E-4D25-8AD8-1B0E3CB927B4}.Debug|Any CPU.Build.0 = Debug|Any CPU
		{134CAA19-BD0E-4D25-8AD8-1B0E3CB927B4}.Release|Any CPU.ActiveCfg = Release|Any CPU
		{134CAA19-BD0E-4D25-8AD8-1B0E3CB927B4}.Release|Any CPU.Build.0 = Release|Any CPU
	EndGlobalSection
	GlobalSection(SolutionProperties) = preSolution
		HideSolutionNode = FALSE
	EndGlobalSection
	GlobalSection(ExtensibilityGlobals) = postSolution
		SolutionGuid = {F3E6DD6D-C026-4298-8EB8-1CA1EA9E6F6A}
	EndGlobalSection
EndGlobal
